// !$*UTF8*$!
{
	archiveVersion = 1;
	classes = {
	};
	objectVersion = 77;
	objects = {

/* Begin PBXBuildFile section */
		1747F0742D96C11D00CD637B /* Secrets.xcconfig in Resources */ = {isa = PBXBuildFile; fileRef = 1747F0732D96C11D00CD637B /* Secrets.xcconfig */; };
		1747F2872D96DC9000CD637B /* ViewInspector in Frameworks */ = {isa = PBXBuildFile; productRef = 1747F2862D96DC9000CD637B /* ViewInspector */; };
/* End PBXBuildFile section */

/* Begin PBXContainerItemProxy section */
		1747F0012D96BE4600CD637B /* PBXContainerItemProxy */ = {
			isa = PBXContainerItemProxy;
			containerPortal = 1747EFE62D96BE4400CD637B /* Project object */;
			proxyType = 1;
			remoteGlobalIDString = 1747EFED2D96BE4400CD637B;
			remoteInfo = Petfinder;
		};
		1747F00B2D96BE4600CD637B /* PBXContainerItemProxy */ = {
			isa = PBXContainerItemProxy;
			containerPortal = 1747EFE62D96BE4400CD637B /* Project object */;
			proxyType = 1;
			remoteGlobalIDString = 1747EFED2D96BE4400CD637B;
			remoteInfo = Petfinder;
		};
/* End PBXContainerItemProxy section */

/* Begin PBXFileReference section */
		1747EFEE2D96BE4400CD637B /* Petfinder.app */ = {isa = PBXFileReference; explicitFileType = wrapper.application; includeInIndex = 0; path = Petfinder.app; sourceTree = BUILT_PRODUCTS_DIR; };
		1747F0002D96BE4600CD637B /* PetfinderTests.xctest */ = {isa = PBXFileReference; explicitFileType = wrapper.cfbundle; includeInIndex = 0; path = PetfinderTests.xctest; sourceTree = BUILT_PRODUCTS_DIR; };
		1747F00A2D96BE4600CD637B /* PetfinderUITests.xctest */ = {isa = PBXFileReference; explicitFileType = wrapper.cfbundle; includeInIndex = 0; path = PetfinderUITests.xctest; sourceTree = BUILT_PRODUCTS_DIR; };
		1747F0732D96C11D00CD637B /* Secrets.xcconfig */ = {isa = PBXFileReference; lastKnownFileType = text.xcconfig; path = Secrets.xcconfig; sourceTree = "<group>"; };
		1747F0752D96C13F00CD637B /* Info.plist */ = {isa = PBXFileReference; lastKnownFileType = text.plist.xml; path = Info.plist; sourceTree = "<group>"; };
/* End PBXFileReference section */

/* Begin PBXFileSystemSynchronizedBuildFileExceptionSet section */
		1747F0E62D96C18600CD637B /* Exceptions for "Petfinder" folder in "PetfinderTests" target */ = {
			isa = PBXFileSystemSynchronizedBuildFileExceptionSet;
			membershipExceptions = (
				Models/FavoritePets.swift,
				Models/PetModel.swift,
				"Models/PetModel+Random.swift",
				Models/PetResponse.swift,
				Models/PetSubModels/Address.swift,
				Models/PetSubModels/Attributes.swift,
				Models/PetSubModels/Breeds.swift,
				Models/PetSubModels/Colors.swift,
				Models/PetSubModels/Contact.swift,
				Models/PetSubModels/Pagination.swift,
				Models/PetSubModels/PetType.swift,
				Models/PetSubModels/Photo.swift,
			);
			target = 1747EFFF2D96BE4600CD637B /* PetfinderTests */;
		};
		1747F0E72D96C18600CD637B /* Exceptions for "Petfinder" folder in "PetfinderUITests" target */ = {
			isa = PBXFileSystemSynchronizedBuildFileExceptionSet;
			membershipExceptions = (
				Models/FavoritePets.swift,
				Models/PetModel.swift,
				"Models/PetModel+Random.swift",
				Models/PetResponse.swift,
				Models/PetSubModels/Address.swift,
				Models/PetSubModels/Attributes.swift,
				Models/PetSubModels/Breeds.swift,
				Models/PetSubModels/Colors.swift,
				Models/PetSubModels/Contact.swift,
				Models/PetSubModels/Pagination.swift,
				Models/PetSubModels/PetType.swift,
				Models/PetSubModels/Photo.swift,
			);
			target = 1747F0092D96BE4600CD637B /* PetfinderUITests */;
		};
/* End PBXFileSystemSynchronizedBuildFileExceptionSet section */

/* Begin PBXFileSystemSynchronizedRootGroup section */
		1747F0032D96BE4600CD637B /* PetfinderTests */ = {
			isa = PBXFileSystemSynchronizedRootGroup;
			path = PetfinderTests;
			sourceTree = "<group>";
		};
		1747F00D2D96BE4600CD637B /* PetfinderUITests */ = {
			isa = PBXFileSystemSynchronizedRootGroup;
			path = PetfinderUITests;
			sourceTree = "<group>";
		};
		1747F0C22D96C18600CD637B /* Petfinder */ = {
			isa = PBXFileSystemSynchronizedRootGroup;
			exceptions = (
				1747F0E62D96C18600CD637B /* Exceptions for "Petfinder" folder in "PetfinderTests" target */,
				1747F0E72D96C18600CD637B /* Exceptions for "Petfinder" folder in "PetfinderUITests" target */,
			);
			path = Petfinder;
			sourceTree = "<group>";
		};
/* End PBXFileSystemSynchronizedRootGroup section */

/* Begin PBXFrameworksBuildPhase section */
		1747EFEB2D96BE4400CD637B /* Frameworks */ = {
			isa = PBXFrameworksBuildPhase;
			buildActionMask = 2147483647;
			files = (
			);
			runOnlyForDeploymentPostprocessing = 0;
		};
		1747EFFD2D96BE4600CD637B /* Frameworks */ = {
			isa = PBXFrameworksBuildPhase;
			buildActionMask = 2147483647;
			files = (
				1747F2872D96DC9000CD637B /* ViewInspector in Frameworks */,
			);
			runOnlyForDeploymentPostprocessing = 0;
		};
		1747F0072D96BE4600CD637B /* Frameworks */ = {
			isa = PBXFrameworksBuildPhase;
			buildActionMask = 2147483647;
			files = (
			);
			runOnlyForDeploymentPostprocessing = 0;
		};
/* End PBXFrameworksBuildPhase section */

/* Begin PBXGroup section */
		1747EFE52D96BE4400CD637B = {
			isa = PBXGroup;
			children = (
				1747F0752D96C13F00CD637B /* Info.plist */,
				1747F0732D96C11D00CD637B /* Secrets.xcconfig */,
				1747F0C22D96C18600CD637B /* Petfinder */,
				1747F0032D96BE4600CD637B /* PetfinderTests */,
				1747F00D2D96BE4600CD637B /* PetfinderUITests */,
				1747EFEF2D96BE4400CD637B /* Products */,
			);
			sourceTree = "<group>";
		};
		1747EFEF2D96BE4400CD637B /* Products */ = {
			isa = PBXGroup;
			children = (
				1747EFEE2D96BE4400CD637B /* Petfinder.app */,
				1747F0002D96BE4600CD637B /* PetfinderTests.xctest */,
				1747F00A2D96BE4600CD637B /* PetfinderUITests.xctest */,
			);
			name = Products;
			sourceTree = "<group>";
		};
/* End PBXGroup section */

/* Begin PBXNativeTarget section */
		1747EFED2D96BE4400CD637B /* Petfinder */ = {
			isa = PBXNativeTarget;
			buildConfigurationList = 1747F0142D96BE4600CD637B /* Build configuration list for PBXNativeTarget "Petfinder" */;
			buildPhases = (
				1747EFEA2D96BE4400CD637B /* Sources */,
				1747EFEB2D96BE4400CD637B /* Frameworks */,
				1747EFEC2D96BE4400CD637B /* Resources */,
			);
			buildRules = (
			);
			dependencies = (
			);
			fileSystemSynchronizedGroups = (
				1747F0C22D96C18600CD637B /* Petfinder */,
			);
			name = Petfinder;
			packageProductDependencies = (
			);
			productName = Petfinder;
			productReference = 1747EFEE2D96BE4400CD637B /* Petfinder.app */;
			productType = "com.apple.product-type.application";
		};
		1747EFFF2D96BE4600CD637B /* PetfinderTests */ = {
			isa = PBXNativeTarget;
			buildConfigurationList = 1747F0172D96BE4600CD637B /* Build configuration list for PBXNativeTarget "PetfinderTests" */;
			buildPhases = (
				1747EFFC2D96BE4600CD637B /* Sources */,
				1747EFFD2D96BE4600CD637B /* Frameworks */,
				1747EFFE2D96BE4600CD637B /* Resources */,
			);
			buildRules = (
			);
			dependencies = (
				1747F0022D96BE4600CD637B /* PBXTargetDependency */,
			);
			fileSystemSynchronizedGroups = (
				1747F0032D96BE4600CD637B /* PetfinderTests */,
			);
			name = PetfinderTests;
			packageProductDependencies = (
				1747F2862D96DC9000CD637B /* ViewInspector */,
			);
			productName = PetfinderTests;
			productReference = 1747F0002D96BE4600CD637B /* PetfinderTests.xctest */;
			productType = "com.apple.product-type.bundle.unit-test";
		};
		1747F0092D96BE4600CD637B /* PetfinderUITests */ = {
			isa = PBXNativeTarget;
			buildConfigurationList = 1747F01A2D96BE4600CD637B /* Build configuration list for PBXNativeTarget "PetfinderUITests" */;
			buildPhases = (
				1747F0062D96BE4600CD637B /* Sources */,
				1747F0072D96BE4600CD637B /* Frameworks */,
				1747F0082D96BE4600CD637B /* Resources */,
			);
			buildRules = (
			);
			dependencies = (
				1747F00C2D96BE4600CD637B /* PBXTargetDependency */,
			);
			fileSystemSynchronizedGroups = (
				1747F00D2D96BE4600CD637B /* PetfinderUITests */,
			);
			name = PetfinderUITests;
			packageProductDependencies = (
			);
			productName = PetfinderUITests;
			productReference = 1747F00A2D96BE4600CD637B /* PetfinderUITests.xctest */;
			productType = "com.apple.product-type.bundle.ui-testing";
		};
/* End PBXNativeTarget section */

/* Begin PBXProject section */
		1747EFE62D96BE4400CD637B /* Project object */ = {
			isa = PBXProject;
			attributes = {
				BuildIndependentTargetsInParallel = 1;
				LastSwiftUpdateCheck = 1620;
				LastUpgradeCheck = 1620;
				TargetAttributes = {
					1747EFED2D96BE4400CD637B = {
						CreatedOnToolsVersion = 16.2;
					};
					1747EFFF2D96BE4600CD637B = {
						CreatedOnToolsVersion = 16.2;
						TestTargetID = 1747EFED2D96BE4400CD637B;
					};
					1747F0092D96BE4600CD637B = {
						CreatedOnToolsVersion = 16.2;
						TestTargetID = 1747EFED2D96BE4400CD637B;
					};
				};
			};
			buildConfigurationList = 1747EFE92D96BE4400CD637B /* Build configuration list for PBXProject "Petfinder" */;
			developmentRegion = en;
			hasScannedForEncodings = 0;
			knownRegions = (
				en,
				Base,
			);
			mainGroup = 1747EFE52D96BE4400CD637B;
			minimizedProjectReferenceProxies = 1;
			packageReferences = (
				1747F2852D96DC9000CD637B /* XCRemoteSwiftPackageReference "ViewInspector" */,
			);
			preferredProjectObjectVersion = 77;
			productRefGroup = 1747EFEF2D96BE4400CD637B /* Products */;
			projectDirPath = "";
			projectRoot = "";
			targets = (
				1747EFED2D96BE4400CD637B /* Petfinder */,
				1747EFFF2D96BE4600CD637B /* PetfinderTests */,
				1747F0092D96BE4600CD637B /* PetfinderUITests */,
			);
		};
/* End PBXProject section */

/* Begin PBXResourcesBuildPhase section */
		1747EFEC2D96BE4400CD637B /* Resources */ = {
			isa = PBXResourcesBuildPhase;
			buildActionMask = 2147483647;
			files = (
				1747F0742D96C11D00CD637B /* Secrets.xcconfig in Resources */,
			);
			runOnlyForDeploymentPostprocessing = 0;
		};
		1747EFFE2D96BE4600CD637B /* Resources */ = {
			isa = PBXResourcesBuildPhase;
			buildActionMask = 2147483647;
			files = (
			);
			runOnlyForDeploymentPostprocessing = 0;
		};
		1747F0082D96BE4600CD637B /* Resources */ = {
			isa = PBXResourcesBuildPhase;
			buildActionMask = 2147483647;
			files = (
			);
			runOnlyForDeploymentPostprocessing = 0;
		};
/* End PBXResourcesBuildPhase section */

/* Begin PBXSourcesBuildPhase section */
		1747EFEA2D96BE4400CD637B /* Sources */ = {
			isa = PBXSourcesBuildPhase;
			buildActionMask = 2147483647;
			files = (
			);
			runOnlyForDeploymentPostprocessing = 0;
		};
		1747EFFC2D96BE4600CD637B /* Sources */ = {
			isa = PBXSourcesBuildPhase;
			buildActionMask = 2147483647;
			files = (
			);
			runOnlyForDeploymentPostprocessing = 0;
		};
		1747F0062D96BE4600CD637B /* Sources */ = {
			isa = PBXSourcesBuildPhase;
			buildActionMask = 2147483647;
			files = (
			);
			runOnlyForDeploymentPostprocessing = 0;
		};
/* End PBXSourcesBuildPhase section */

/* Begin PBXTargetDependency section */
		1747F0022D96BE4600CD637B /* PBXTargetDependency */ = {
			isa = PBXTargetDependency;
			target = 1747EFED2D96BE4400CD637B /* Petfinder */;
			targetProxy = 1747F0012D96BE4600CD637B /* PBXContainerItemProxy */;
		};
		1747F00C2D96BE4600CD637B /* PBXTargetDependency */ = {
			isa = PBXTargetDependency;
			target = 1747EFED2D96BE4400CD637B /* Petfinder */;
			targetProxy = 1747F00B2D96BE4600CD637B /* PBXContainerItemProxy */;
		};
/* End PBXTargetDependency section */

/* Begin XCBuildConfiguration section */
		1747F0122D96BE4600CD637B /* Debug */ = {
			isa = XCBuildConfiguration;
			baseConfigurationReference = 1747F0732D96C11D00CD637B /* Secrets.xcconfig */;
			buildSettings = {
				ALWAYS_SEARCH_USER_PATHS = NO;
				ASSETCATALOG_COMPILER_GENERATE_SWIFT_ASSET_SYMBOL_EXTENSIONS = YES;
				CLANG_ANALYZER_NONNULL = YES;
				CLANG_ANALYZER_NUMBER_OBJECT_CONVERSION = YES_AGGRESSIVE;
				CLANG_CXX_LANGUAGE_STANDARD = "gnu++20";
				CLANG_ENABLE_MODULES = YES;
				CLANG_ENABLE_OBJC_ARC = YES;
				CLANG_ENABLE_OBJC_WEAK = YES;
				CLANG_WARN_BLOCK_CAPTURE_AUTORELEASING = YES;
				CLANG_WARN_BOOL_CONVERSION = YES;
				CLANG_WARN_COMMA = YES;
				CLANG_WARN_CONSTANT_CONVERSION = YES;
				CLANG_WARN_DEPRECATED_OBJC_IMPLEMENTATIONS = YES;
				CLANG_WARN_DIRECT_OBJC_ISA_USAGE = YES_ERROR;
				CLANG_WARN_DOCUMENTATION_COMMENTS = YES;
				CLANG_WARN_EMPTY_BODY = YES;
				CLANG_WARN_ENUM_CONVERSION = YES;
				CLANG_WARN_INFINITE_RECURSION = YES;
				CLANG_WARN_INT_CONVERSION = YES;
				CLANG_WARN_NON_LITERAL_NULL_CONVERSION = YES;
				CLANG_WARN_OBJC_IMPLICIT_RETAIN_SELF = YES;
				CLANG_WARN_OBJC_LITERAL_CONVERSION = YES;
				CLANG_WARN_OBJC_ROOT_CLASS = YES_ERROR;
				CLANG_WARN_QUOTED_INCLUDE_IN_FRAMEWORK_HEADER = YES;
				CLANG_WARN_RANGE_LOOP_ANALYSIS = YES;
				CLANG_WARN_STRICT_PROTOTYPES = YES;
				CLANG_WARN_SUSPICIOUS_MOVE = YES;
				CLANG_WARN_UNGUARDED_AVAILABILITY = YES_AGGRESSIVE;
				CLANG_WARN_UNREACHABLE_CODE = YES;
				CLANG_WARN__DUPLICATE_METHOD_MATCH = YES;
				COPY_PHASE_STRIP = NO;
				DEBUG_INFORMATION_FORMAT = dwarf;
				ENABLE_STRICT_OBJC_MSGSEND = YES;
				ENABLE_TESTABILITY = YES;
				ENABLE_USER_SCRIPT_SANDBOXING = YES;
				GCC_C_LANGUAGE_STANDARD = gnu17;
				GCC_DYNAMIC_NO_PIC = NO;
				GCC_NO_COMMON_BLOCKS = YES;
				GCC_OPTIMIZATION_LEVEL = 0;
				GCC_PREPROCESSOR_DEFINITIONS = (
					"DEBUG=1",
					"$(inherited)",
				);
				GCC_WARN_64_TO_32_BIT_CONVERSION = YES;
				GCC_WARN_ABOUT_RETURN_TYPE = YES_ERROR;
				GCC_WARN_UNDECLARED_SELECTOR = YES;
				GCC_WARN_UNINITIALIZED_AUTOS = YES_AGGRESSIVE;
				GCC_WARN_UNUSED_FUNCTION = YES;
				GCC_WARN_UNUSED_VARIABLE = YES;
				INFOPLIST_FILE = Info.plist;
				IPHONEOS_DEPLOYMENT_TARGET = 18.2;
				LOCALIZATION_PREFERS_STRING_CATALOGS = YES;
				MTL_ENABLE_DEBUG_INFO = INCLUDE_SOURCE;
				MTL_FAST_MATH = YES;
				ONLY_ACTIVE_ARCH = YES;
				SDKROOT = iphoneos;
				SWIFT_ACTIVE_COMPILATION_CONDITIONS = "DEBUG $(inherited)";
				SWIFT_OPTIMIZATION_LEVEL = "-Onone";
			};
			name = Debug;
		};
		1747F0132D96BE4600CD637B /* Release */ = {
			isa = XCBuildConfiguration;
			baseConfigurationReference = 1747F0732D96C11D00CD637B /* Secrets.xcconfig */;
			buildSettings = {
				ALWAYS_SEARCH_USER_PATHS = NO;
				ASSETCATALOG_COMPILER_GENERATE_SWIFT_ASSET_SYMBOL_EXTENSIONS = YES;
				CLANG_ANALYZER_NONNULL = YES;
				CLANG_ANALYZER_NUMBER_OBJECT_CONVERSION = YES_AGGRESSIVE;
				CLANG_CXX_LANGUAGE_STANDARD = "gnu++20";
				CLANG_ENABLE_MODULES = YES;
				CLANG_ENABLE_OBJC_ARC = YES;
				CLANG_ENABLE_OBJC_WEAK = YES;
				CLANG_WARN_BLOCK_CAPTURE_AUTORELEASING = YES;
				CLANG_WARN_BOOL_CONVERSION = YES;
				CLANG_WARN_COMMA = YES;
				CLANG_WARN_CONSTANT_CONVERSION = YES;
				CLANG_WARN_DEPRECATED_OBJC_IMPLEMENTATIONS = YES;
				CLANG_WARN_DIRECT_OBJC_ISA_USAGE = YES_ERROR;
				CLANG_WARN_DOCUMENTATION_COMMENTS = YES;
				CLANG_WARN_EMPTY_BODY = YES;
				CLANG_WARN_ENUM_CONVERSION = YES;
				CLANG_WARN_INFINITE_RECURSION = YES;
				CLANG_WARN_INT_CONVERSION = YES;
				CLANG_WARN_NON_LITERAL_NULL_CONVERSION = YES;
				CLANG_WARN_OBJC_IMPLICIT_RETAIN_SELF = YES;
				CLANG_WARN_OBJC_LITERAL_CONVERSION = YES;
				CLANG_WARN_OBJC_ROOT_CLASS = YES_ERROR;
				CLANG_WARN_QUOTED_INCLUDE_IN_FRAMEWORK_HEADER = YES;
				CLANG_WARN_RANGE_LOOP_ANALYSIS = YES;
				CLANG_WARN_STRICT_PROTOTYPES = YES;
				CLANG_WARN_SUSPICIOUS_MOVE = YES;
				CLANG_WARN_UNGUARDED_AVAILABILITY = YES_AGGRESSIVE;
				CLANG_WARN_UNREACHABLE_CODE = YES;
				CLANG_WARN__DUPLICATE_METHOD_MATCH = YES;
				COPY_PHASE_STRIP = NO;
				DEBUG_INFORMATION_FORMAT = "dwarf-with-dsym";
				ENABLE_NS_ASSERTIONS = NO;
				ENABLE_STRICT_OBJC_MSGSEND = YES;
				ENABLE_USER_SCRIPT_SANDBOXING = YES;
				GCC_C_LANGUAGE_STANDARD = gnu17;
				GCC_NO_COMMON_BLOCKS = YES;
				GCC_WARN_64_TO_32_BIT_CONVERSION = YES;
				GCC_WARN_ABOUT_RETURN_TYPE = YES_ERROR;
				GCC_WARN_UNDECLARED_SELECTOR = YES;
				GCC_WARN_UNINITIALIZED_AUTOS = YES_AGGRESSIVE;
				GCC_WARN_UNUSED_FUNCTION = YES;
				GCC_WARN_UNUSED_VARIABLE = YES;
				INFOPLIST_FILE = Info.plist;
				IPHONEOS_DEPLOYMENT_TARGET = 18.2;
				LOCALIZATION_PREFERS_STRING_CATALOGS = YES;
				MTL_ENABLE_DEBUG_INFO = NO;
				MTL_FAST_MATH = YES;
				SDKROOT = iphoneos;
				SWIFT_COMPILATION_MODE = wholemodule;
				VALIDATE_PRODUCT = YES;
			};
			name = Release;
		};
		1747F0152D96BE4600CD637B /* Debug */ = {
			isa = XCBuildConfiguration;
			baseConfigurationReference = 1747F0732D96C11D00CD637B /* Secrets.xcconfig */;
			buildSettings = {
				ASSETCATALOG_COMPILER_APPICON_NAME = AppIcon;
				ASSETCATALOG_COMPILER_GLOBAL_ACCENT_COLOR_NAME = AccentColor;
				CODE_SIGN_STYLE = Automatic;
				CURRENT_PROJECT_VERSION = 1;
				DEVELOPMENT_ASSET_PATHS = "\"Petfinder/Preview Content\"";
				DEVELOPMENT_TEAM = 8GD8MZWUD2;
				ENABLE_PREVIEWS = YES;
				GENERATE_INFOPLIST_FILE = YES;
				INFOPLIST_KEY_UIApplicationSceneManifest_Generation = YES;
				INFOPLIST_KEY_UIApplicationSupportsIndirectInputEvents = YES;
				INFOPLIST_KEY_UILaunchScreen_Generation = YES;
				INFOPLIST_KEY_UISupportedInterfaceOrientations_iPad = "UIInterfaceOrientationPortrait UIInterfaceOrientationPortraitUpsideDown UIInterfaceOrientationLandscapeLeft UIInterfaceOrientationLandscapeRight";
				INFOPLIST_KEY_UISupportedInterfaceOrientations_iPhone = "UIInterfaceOrientationPortrait UIInterfaceOrientationLandscapeLeft UIInterfaceOrientationLandscapeRight";
				LD_RUNPATH_SEARCH_PATHS = (
					"$(inherited)",
					"@executable_path/Frameworks",
				);
				MARKETING_VERSION = 1.0;
				PRODUCT_BUNDLE_IDENTIFIER = com.gilbert.Petfinder;
				PRODUCT_NAME = "$(TARGET_NAME)";
				SWIFT_EMIT_LOC_STRINGS = YES;
				SWIFT_VERSION = 5.0;
				TARGETED_DEVICE_FAMILY = "1,2";
			};
			name = Debug;
		};
		1747F0162D96BE4600CD637B /* Release */ = {
			isa = XCBuildConfiguration;
			baseConfigurationReference = 1747F0732D96C11D00CD637B /* Secrets.xcconfig */;
			buildSettings = {
				ASSETCATALOG_COMPILER_APPICON_NAME = AppIcon;
				ASSETCATALOG_COMPILER_GLOBAL_ACCENT_COLOR_NAME = AccentColor;
				CODE_SIGN_STYLE = Automatic;
				CURRENT_PROJECT_VERSION = 1;
				DEVELOPMENT_ASSET_PATHS = "\"Petfinder/Preview Content\"";
				DEVELOPMENT_TEAM = 8GD8MZWUD2;
				ENABLE_PREVIEWS = YES;
				GENERATE_INFOPLIST_FILE = YES;
				INFOPLIST_KEY_UIApplicationSceneManifest_Generation = YES;
				INFOPLIST_KEY_UIApplicationSupportsIndirectInputEvents = YES;
				INFOPLIST_KEY_UILaunchScreen_Generation = YES;
				INFOPLIST_KEY_UISupportedInterfaceOrientations_iPad = "UIInterfaceOrientationPortrait UIInterfaceOrientationPortraitUpsideDown UIInterfaceOrientationLandscapeLeft UIInterfaceOrientationLandscapeRight";
				INFOPLIST_KEY_UISupportedInterfaceOrientations_iPhone = "UIInterfaceOrientationPortrait UIInterfaceOrientationLandscapeLeft UIInterfaceOrientationLandscapeRight";
				LD_RUNPATH_SEARCH_PATHS = (
					"$(inherited)",
					"@executable_path/Frameworks",
				);
				MARKETING_VERSION = 1.0;
				PRODUCT_BUNDLE_IDENTIFIER = com.gilbert.Petfinder;
				PRODUCT_NAME = "$(TARGET_NAME)";
				SWIFT_EMIT_LOC_STRINGS = YES;
				SWIFT_VERSION = 5.0;
				TARGETED_DEVICE_FAMILY = "1,2";
			};
			name = Release;
		};
		1747F0182D96BE4600CD637B /* Debug */ = {
			isa = XCBuildConfiguration;
			buildSettings = {
				BUNDLE_LOADER = "$(TEST_HOST)";
				CODE_SIGN_STYLE = Automatic;
				CURRENT_PROJECT_VERSION = 1;
				DEVELOPMENT_TEAM = 8GD8MZWUD2;
				GENERATE_INFOPLIST_FILE = YES;
				IPHONEOS_DEPLOYMENT_TARGET = 18.2;
				MARKETING_VERSION = 1.0;
				PRODUCT_BUNDLE_IDENTIFIER = com.gilbert.PetfinderTests;
				PRODUCT_NAME = "$(TARGET_NAME)";
				SWIFT_EMIT_LOC_STRINGS = NO;
				SWIFT_VERSION = 5.0;
				TARGETED_DEVICE_FAMILY = "1,2";
				TEST_HOST = "$(BUILT_PRODUCTS_DIR)/Petfinder.app/$(BUNDLE_EXECUTABLE_FOLDER_PATH)/Petfinder";
			};
			name = Debug;
		};
		1747F0192D96BE4600CD637B /* Release */ = {
			isa = XCBuildConfiguration;
			buildSettings = {
				BUNDLE_LOADER = "$(TEST_HOST)";
				CODE_SIGN_STYLE = Automatic;
				CURRENT_PROJECT_VERSION = 1;
				DEVELOPMENT_TEAM = 8GD8MZWUD2;
				GENERATE_INFOPLIST_FILE = YES;
				IPHONEOS_DEPLOYMENT_TARGET = 18.2;
				MARKETING_VERSION = 1.0;
				PRODUCT_BUNDLE_IDENTIFIER = com.gilbert.PetfinderTests;
				PRODUCT_NAME = "$(TARGET_NAME)";
				SWIFT_EMIT_LOC_STRINGS = NO;
				SWIFT_VERSION = 5.0;
				TARGETED_DEVICE_FAMILY = "1,2";
				TEST_HOST = "$(BUILT_PRODUCTS_DIR)/Petfinder.app/$(BUNDLE_EXECUTABLE_FOLDER_PATH)/Petfinder";
			};
			name = Release;
		};
		1747F01B2D96BE4600CD637B /* Debug */ = {
			isa = XCBuildConfiguration;
			buildSettings = {
				CODE_SIGN_STYLE = Automatic;
				CURRENT_PROJECT_VERSION = 1;
				DEVELOPMENT_TEAM = 8GD8MZWUD2;
				GENERATE_INFOPLIST_FILE = YES;
				MARKETING_VERSION = 1.0;
				PRODUCT_BUNDLE_IDENTIFIER = com.gilbert.PetfinderUITests;
				PRODUCT_NAME = "$(TARGET_NAME)";
				SWIFT_EMIT_LOC_STRINGS = NO;
				SWIFT_VERSION = 5.0;
				TARGETED_DEVICE_FAMILY = "1,2";
				TEST_TARGET_NAME = Petfinder;
			};
			name = Debug;
		};
		1747F01C2D96BE4600CD637B /* Release */ = {
			isa = XCBuildConfiguration;
			buildSettings = {
				CODE_SIGN_STYLE = Automatic;
				CURRENT_PROJECT_VERSION = 1;
				DEVELOPMENT_TEAM = 8GD8MZWUD2;
				GENERATE_INFOPLIST_FILE = YES;
				MARKETING_VERSION = 1.0;
				PRODUCT_BUNDLE_IDENTIFIER = com.gilbert.PetfinderUITests;
				PRODUCT_NAME = "$(TARGET_NAME)";
				SWIFT_EMIT_LOC_STRINGS = NO;
				SWIFT_VERSION = 5.0;
				TARGETED_DEVICE_FAMILY = "1,2";
				TEST_TARGET_NAME = Petfinder;
			};
			name = Release;
		};
/* End XCBuildConfiguration section */

/* Begin XCConfigurationList section */
		1747EFE92D96BE4400CD637B /* Build configuration list for PBXProject "Petfinder" */ = {
			isa = XCConfigurationList;
			buildConfigurations = (
				1747F0122D96BE4600CD637B /* Debug */,
				1747F0132D96BE4600CD637B /* Release */,
			);
			defaultConfigurationIsVisible = 0;
			defaultConfigurationName = Debug;
		};
		1747F0142D96BE4600CD637B /* Build configuration list for PBXNativeTarget "Petfinder" */ = {
			isa = XCConfigurationList;
			buildConfigurations = (
				1747F0152D96BE4600CD637B /* Debug */,
				1747F0162D96BE4600CD637B /* Release */,
			);
			defaultConfigurationIsVisible = 0;
			defaultConfigurationName = Debug;
		};
		1747F0172D96BE4600CD637B /* Build configuration list for PBXNativeTarget "PetfinderTests" */ = {
			isa = XCConfigurationList;
			buildConfigurations = (
				1747F0182D96BE4600CD637B /* Debug */,
				1747F0192D96BE4600CD637B /* Release */,
			);
			defaultConfigurationIsVisible = 0;
			defaultConfigurationName = Debug;
		};
		1747F01A2D96BE4600CD637B /* Build configuration list for PBXNativeTarget "PetfinderUITests" */ = {
			isa = XCConfigurationList;
			buildConfigurations = (
				1747F01B2D96BE4600CD637B /* Debug */,
				1747F01C2D96BE4600CD637B /* Release */,
			);
			defaultConfigurationIsVisible = 0;
			defaultConfigurationName = Debug;
		};
/* End XCConfigurationList section */

/* Begin XCRemoteSwiftPackageReference section */
		1747F2852D96DC9000CD637B /* XCRemoteSwiftPackageReference "ViewInspector" */ = {
			isa = XCRemoteSwiftPackageReference;
			repositoryURL = "https://github.com/nalexn/ViewInspector";
			requirement = {
				kind = upToNextMajorVersion;
				minimumVersion = 0.10.1;
			};
		};
/* End XCRemoteSwiftPackageReference section */

/* Begin XCSwiftPackageProductDependency section */
		1747F2862D96DC9000CD637B /* ViewInspector */ = {
			isa = XCSwiftPackageProductDependency;
			package = 1747F2852D96DC9000CD637B /* XCRemoteSwiftPackageReference "ViewInspector" */;
			productName = ViewInspector;
		};
/* End XCSwiftPackageProductDependency section */
	};
	rootObject = 1747EFE62D96BE4400CD637B /* Project object */;
}
